// !$*UTF8*$!
{
	archiveVersion = 1;
	classes = {
	};
	objectVersion = 46;
	objects = {

/* Begin PBXBuildFile section */
		0091D8F90E81B9330029341E /* OpenGL.framework in Frameworks */ = {isa = PBXBuildFile; fileRef = 0091D8F80E81B9330029341E /* OpenGL.framework */; };
		00B784B30FF439BC000DE1D7 /* Accelerate.framework in Frameworks */ = {isa = PBXBuildFile; fileRef = 00B784AF0FF439BC000DE1D7 /* Accelerate.framework */; };
		00B784B40FF439BC000DE1D7 /* AudioToolbox.framework in Frameworks */ = {isa = PBXBuildFile; fileRef = 00B784B00FF439BC000DE1D7 /* AudioToolbox.framework */; };
		00B784B50FF439BC000DE1D7 /* AudioUnit.framework in Frameworks */ = {isa = PBXBuildFile; fileRef = 00B784B10FF439BC000DE1D7 /* AudioUnit.framework */; };
		00B784B60FF439BC000DE1D7 /* CoreAudio.framework in Frameworks */ = {isa = PBXBuildFile; fileRef = 00B784B20FF439BC000DE1D7 /* CoreAudio.framework */; };
		24B73A71483A468496AE84C6 /* CinderApp.icns in Resources */ = {isa = PBXBuildFile; fileRef = 137A647CBEDE47E18AA2C2F4 /* CinderApp.icns */; };
		5323E6B20EAFCA74003A9687 /* CoreVideo.framework in Frameworks */ = {isa = PBXBuildFile; fileRef = 5323E6B10EAFCA74003A9687 /* CoreVideo.framework */; };
		5323E6B60EAFCA7E003A9687 /* QTKit.framework in Frameworks */ = {isa = PBXBuildFile; fileRef = 5323E6B50EAFCA7E003A9687 /* QTKit.framework */; };
		859FFDFF1A645AF600CC3446 /* EffectComposer.cpp in Sources */ = {isa = PBXBuildFile; fileRef = 859FFDED1A645AF600CC3446 /* EffectComposer.cpp */; };
		859FFE001A645AF600CC3446 /* MathUtils.cpp in Sources */ = {isa = PBXBuildFile; fileRef = 859FFDEF1A645AF600CC3446 /* MathUtils.cpp */; };
		859FFE011A645AF600CC3446 /* MeshUtils.cpp in Sources */ = {isa = PBXBuildFile; fileRef = 859FFDF11A645AF600CC3446 /* MeshUtils.cpp */; };
		859FFE021A645AF600CC3446 /* Scene.cpp in Sources */ = {isa = PBXBuildFile; fileRef = 859FFDF31A645AF600CC3446 /* Scene.cpp */; };
		859FFE031A645AF600CC3446 /* SceneQuat.cpp in Sources */ = {isa = PBXBuildFile; fileRef = 859FFDF51A645AF600CC3446 /* SceneQuat.cpp */; };
		859FFE041A645AF600CC3446 /* Utils.cpp in Sources */ = {isa = PBXBuildFile; fileRef = 859FFDF71A645AF600CC3446 /* Utils.cpp */; };
		859FFE051A645AF600CC3446 /* View.cpp in Sources */ = {isa = PBXBuildFile; fileRef = 859FFDF91A645AF600CC3446 /* View.cpp */; };
		859FFE061A645AF600CC3446 /* ViewBlur.cpp in Sources */ = {isa = PBXBuildFile; fileRef = 859FFDFB1A645AF600CC3446 /* ViewBlur.cpp */; };
		859FFE071A645AF600CC3446 /* ViewCopy.cpp in Sources */ = {isa = PBXBuildFile; fileRef = 859FFDFD1A645AF600CC3446 /* ViewCopy.cpp */; };
		859FFE091A645B0000CC3446 /* shaders in Resources */ = {isa = PBXBuildFile; fileRef = 859FFE081A645B0000CC3446 /* shaders */; };
		859FFE0C1A645B4300CC3446 /* SceneRemap.cpp in Sources */ = {isa = PBXBuildFile; fileRef = 859FFE0A1A645B4300CC3446 /* SceneRemap.cpp */; };
		859FFE0F1A6471A800CC3446 /* ViewRemap.cpp in Sources */ = {isa = PBXBuildFile; fileRef = 859FFE0D1A6471A800CC3446 /* ViewRemap.cpp */; };
		8D11072F0486CEB800E47090 /* Cocoa.framework in Frameworks */ = {isa = PBXBuildFile; fileRef = 1058C7A1FEA54F0111CA2CBB /* Cocoa.framework */; };
		CB3CA9BF515B4F6EBBC1138B /* QuickTime.framework in Frameworks */ = {isa = PBXBuildFile; fileRef = A6275CA20C294571A5C0061A /* QuickTime.framework */; };
		D02F4B929BDB4FD2AD33D0FD /* TimeRemapApp.cpp in Sources */ = {isa = PBXBuildFile; fileRef = 129B6E2B40D54943AE1EC00B /* TimeRemapApp.cpp */; };
/* End PBXBuildFile section */

/* Begin PBXFileReference section */
		0091D8F80E81B9330029341E /* OpenGL.framework */ = {isa = PBXFileReference; lastKnownFileType = wrapper.framework; name = OpenGL.framework; path = /System/Library/Frameworks/OpenGL.framework; sourceTree = "<absolute>"; };
		00B784AF0FF439BC000DE1D7 /* Accelerate.framework */ = {isa = PBXFileReference; lastKnownFileType = wrapper.framework; name = Accelerate.framework; path = System/Library/Frameworks/Accelerate.framework; sourceTree = SDKROOT; };
		00B784B00FF439BC000DE1D7 /* AudioToolbox.framework */ = {isa = PBXFileReference; lastKnownFileType = wrapper.framework; name = AudioToolbox.framework; path = System/Library/Frameworks/AudioToolbox.framework; sourceTree = SDKROOT; };
		00B784B10FF439BC000DE1D7 /* AudioUnit.framework */ = {isa = PBXFileReference; lastKnownFileType = wrapper.framework; name = AudioUnit.framework; path = System/Library/Frameworks/AudioUnit.framework; sourceTree = SDKROOT; };
		00B784B20FF439BC000DE1D7 /* CoreAudio.framework */ = {isa = PBXFileReference; lastKnownFileType = wrapper.framework; name = CoreAudio.framework; path = System/Library/Frameworks/CoreAudio.framework; sourceTree = SDKROOT; };
		07AF92BCD77B4B768878422A /* Info.plist */ = {isa = PBXFileReference; lastKnownFileType = text.plist.xml; path = Info.plist; sourceTree = "<group>"; };
		1058C7A1FEA54F0111CA2CBB /* Cocoa.framework */ = {isa = PBXFileReference; lastKnownFileType = wrapper.framework; name = Cocoa.framework; path = /System/Library/Frameworks/Cocoa.framework; sourceTree = "<absolute>"; };
		129B6E2B40D54943AE1EC00B /* TimeRemapApp.cpp */ = {isa = PBXFileReference; lastKnownFileType = sourcecode.c.cpp; name = TimeRemapApp.cpp; path = ../src/TimeRemapApp.cpp; sourceTree = "<group>"; };
		137A647CBEDE47E18AA2C2F4 /* CinderApp.icns */ = {isa = PBXFileReference; lastKnownFileType = image.icns; name = CinderApp.icns; path = ../resources/CinderApp.icns; sourceTree = "<group>"; };
		1C4B4317EC264EFBBD2008B4 /* Resources.h */ = {isa = PBXFileReference; lastKnownFileType = sourcecode.c.h; name = Resources.h; path = ../include/Resources.h; sourceTree = "<group>"; };
		29B97324FDCFA39411CA2CEA /* AppKit.framework */ = {isa = PBXFileReference; lastKnownFileType = wrapper.framework; name = AppKit.framework; path = /System/Library/Frameworks/AppKit.framework; sourceTree = "<absolute>"; };
		29B97325FDCFA39411CA2CEA /* Foundation.framework */ = {isa = PBXFileReference; lastKnownFileType = wrapper.framework; name = Foundation.framework; path = /System/Library/Frameworks/Foundation.framework; sourceTree = "<absolute>"; };
		5323E6B10EAFCA74003A9687 /* CoreVideo.framework */ = {isa = PBXFileReference; lastKnownFileType = wrapper.framework; name = CoreVideo.framework; path = /System/Library/Frameworks/CoreVideo.framework; sourceTree = "<absolute>"; };
		5323E6B50EAFCA7E003A9687 /* QTKit.framework */ = {isa = PBXFileReference; lastKnownFileType = wrapper.framework; name = QTKit.framework; path = /System/Library/Frameworks/QTKit.framework; sourceTree = "<absolute>"; };
		859FFDED1A645AF600CC3446 /* EffectComposer.cpp */ = {isa = PBXFileReference; fileEncoding = 4; lastKnownFileType = sourcecode.cpp.cpp; path = EffectComposer.cpp; sourceTree = "<group>"; };
		859FFDEE1A645AF600CC3446 /* EffectComposer.h */ = {isa = PBXFileReference; fileEncoding = 4; lastKnownFileType = sourcecode.c.h; path = EffectComposer.h; sourceTree = "<group>"; };
		859FFDEF1A645AF600CC3446 /* MathUtils.cpp */ = {isa = PBXFileReference; fileEncoding = 4; lastKnownFileType = sourcecode.cpp.cpp; path = MathUtils.cpp; sourceTree = "<group>"; };
		859FFDF01A645AF600CC3446 /* MathUtils.h */ = {isa = PBXFileReference; fileEncoding = 4; lastKnownFileType = sourcecode.c.h; path = MathUtils.h; sourceTree = "<group>"; };
		859FFDF11A645AF600CC3446 /* MeshUtils.cpp */ = {isa = PBXFileReference; fileEncoding = 4; lastKnownFileType = sourcecode.cpp.cpp; path = MeshUtils.cpp; sourceTree = "<group>"; };
		859FFDF21A645AF600CC3446 /* MeshUtils.h */ = {isa = PBXFileReference; fileEncoding = 4; lastKnownFileType = sourcecode.c.h; path = MeshUtils.h; sourceTree = "<group>"; };
		859FFDF31A645AF600CC3446 /* Scene.cpp */ = {isa = PBXFileReference; fileEncoding = 4; lastKnownFileType = sourcecode.cpp.cpp; path = Scene.cpp; sourceTree = "<group>"; };
		859FFDF41A645AF600CC3446 /* Scene.h */ = {isa = PBXFileReference; fileEncoding = 4; lastKnownFileType = sourcecode.c.h; path = Scene.h; sourceTree = "<group>"; };
		859FFDF51A645AF600CC3446 /* SceneQuat.cpp */ = {isa = PBXFileReference; fileEncoding = 4; lastKnownFileType = sourcecode.cpp.cpp; path = SceneQuat.cpp; sourceTree = "<group>"; };
		859FFDF61A645AF600CC3446 /* SceneQuat.h */ = {isa = PBXFileReference; fileEncoding = 4; lastKnownFileType = sourcecode.c.h; path = SceneQuat.h; sourceTree = "<group>"; };
		859FFDF71A645AF600CC3446 /* Utils.cpp */ = {isa = PBXFileReference; fileEncoding = 4; lastKnownFileType = sourcecode.cpp.cpp; path = Utils.cpp; sourceTree = "<group>"; };
		859FFDF81A645AF600CC3446 /* Utils.h */ = {isa = PBXFileReference; fileEncoding = 4; lastKnownFileType = sourcecode.c.h; path = Utils.h; sourceTree = "<group>"; };
		859FFDF91A645AF600CC3446 /* View.cpp */ = {isa = PBXFileReference; fileEncoding = 4; lastKnownFileType = sourcecode.cpp.cpp; path = View.cpp; sourceTree = "<group>"; };
		859FFDFA1A645AF600CC3446 /* View.h */ = {isa = PBXFileReference; fileEncoding = 4; lastKnownFileType = sourcecode.c.h; path = View.h; sourceTree = "<group>"; };
		859FFDFB1A645AF600CC3446 /* ViewBlur.cpp */ = {isa = PBXFileReference; fileEncoding = 4; lastKnownFileType = sourcecode.cpp.cpp; path = ViewBlur.cpp; sourceTree = "<group>"; };
		859FFDFC1A645AF600CC3446 /* ViewBlur.h */ = {isa = PBXFileReference; fileEncoding = 4; lastKnownFileType = sourcecode.c.h; path = ViewBlur.h; sourceTree = "<group>"; };
		859FFDFD1A645AF600CC3446 /* ViewCopy.cpp */ = {isa = PBXFileReference; fileEncoding = 4; lastKnownFileType = sourcecode.cpp.cpp; path = ViewCopy.cpp; sourceTree = "<group>"; };
		859FFDFE1A645AF600CC3446 /* ViewCopy.h */ = {isa = PBXFileReference; fileEncoding = 4; lastKnownFileType = sourcecode.c.h; path = ViewCopy.h; sourceTree = "<group>"; };
		859FFE081A645B0000CC3446 /* shaders */ = {isa = PBXFileReference; lastKnownFileType = folder; name = shaders; path = ../assets/shaders; sourceTree = "<group>"; };
		859FFE0A1A645B4300CC3446 /* SceneRemap.cpp */ = {isa = PBXFileReference; fileEncoding = 4; lastKnownFileType = sourcecode.cpp.cpp; name = SceneRemap.cpp; path = ../src/SceneRemap.cpp; sourceTree = "<group>"; };
		859FFE0B1A645B4300CC3446 /* SceneRemap.h */ = {isa = PBXFileReference; fileEncoding = 4; lastKnownFileType = sourcecode.c.h; name = SceneRemap.h; path = ../src/SceneRemap.h; sourceTree = "<group>"; };
		859FFE0D1A6471A800CC3446 /* ViewRemap.cpp */ = {isa = PBXFileReference; fileEncoding = 4; lastKnownFileType = sourcecode.cpp.cpp; name = ViewRemap.cpp; path = ../src/ViewRemap.cpp; sourceTree = "<group>"; };
		859FFE0E1A6471A800CC3446 /* ViewRemap.h */ = {isa = PBXFileReference; fileEncoding = 4; lastKnownFileType = sourcecode.c.h; name = ViewRemap.h; path = ../src/ViewRemap.h; sourceTree = "<group>"; };
		8D1107320486CEB800E47090 /* TimeRemap.app */ = {isa = PBXFileReference; explicitFileType = wrapper.application; includeInIndex = 0; path = TimeRemap.app; sourceTree = BUILT_PRODUCTS_DIR; };
		A6275CA20C294571A5C0061A /* QuickTime.framework */ = {isa = PBXFileReference; lastKnownFileType = wrapper.framework; name = QuickTime.framework; path = System/Library/Frameworks/QuickTime.framework; sourceTree = SDKROOT; };
		E1C07919658342559790D0B9 /* TimeRemap_Prefix.pch */ = {isa = PBXFileReference; lastKnownFileType = "\"\""; path = TimeRemap_Prefix.pch; sourceTree = "<group>"; };
/* End PBXFileReference section */

/* Begin PBXFrameworksBuildPhase section */
		8D11072E0486CEB800E47090 /* Frameworks */ = {
			isa = PBXFrameworksBuildPhase;
			buildActionMask = 2147483647;
			files = (
				8D11072F0486CEB800E47090 /* Cocoa.framework in Frameworks */,
				0091D8F90E81B9330029341E /* OpenGL.framework in Frameworks */,
				5323E6B20EAFCA74003A9687 /* CoreVideo.framework in Frameworks */,
				5323E6B60EAFCA7E003A9687 /* QTKit.framework in Frameworks */,
				00B784B30FF439BC000DE1D7 /* Accelerate.framework in Frameworks */,
				00B784B40FF439BC000DE1D7 /* AudioToolbox.framework in Frameworks */,
				00B784B50FF439BC000DE1D7 /* AudioUnit.framework in Frameworks */,
				00B784B60FF439BC000DE1D7 /* CoreAudio.framework in Frameworks */,
				CB3CA9BF515B4F6EBBC1138B /* QuickTime.framework in Frameworks */,
			);
			runOnlyForDeploymentPostprocessing = 0;
		};
/* End PBXFrameworksBuildPhase section */

/* Begin PBXGroup section */
		01B97315FEAEA392516A2CEA /* Blocks */ = {
			isa = PBXGroup;
			children = (
			);
			name = Blocks;
			sourceTree = "<group>";
		};
		080E96DDFE201D6D7F000001 /* Source */ = {
			isa = PBXGroup;
			children = (
				859FFDEC1A645AF600CC3446 /* bongiovi */,
				129B6E2B40D54943AE1EC00B /* TimeRemapApp.cpp */,
				859FFE0A1A645B4300CC3446 /* SceneRemap.cpp */,
				859FFE0D1A6471A800CC3446 /* ViewRemap.cpp */,
			);
			name = Source;
			sourceTree = "<group>";
		};
		1058C7A0FEA54F0111CA2CBB /* Linked Frameworks */ = {
			isa = PBXGroup;
			children = (
				00B784AF0FF439BC000DE1D7 /* Accelerate.framework */,
				00B784B00FF439BC000DE1D7 /* AudioToolbox.framework */,
				00B784B10FF439BC000DE1D7 /* AudioUnit.framework */,
				00B784B20FF439BC000DE1D7 /* CoreAudio.framework */,
				5323E6B50EAFCA7E003A9687 /* QTKit.framework */,
				5323E6B10EAFCA74003A9687 /* CoreVideo.framework */,
				0091D8F80E81B9330029341E /* OpenGL.framework */,
				1058C7A1FEA54F0111CA2CBB /* Cocoa.framework */,
			);
			name = "Linked Frameworks";
			sourceTree = "<group>";
		};
		1058C7A2FEA54F0111CA2CBB /* Other Frameworks */ = {
			isa = PBXGroup;
			children = (
				29B97324FDCFA39411CA2CEA /* AppKit.framework */,
				29B97325FDCFA39411CA2CEA /* Foundation.framework */,
			);
			name = "Other Frameworks";
			sourceTree = "<group>";
		};
		19C28FACFE9D520D11CA2CBB /* Products */ = {
			isa = PBXGroup;
			children = (
				8D1107320486CEB800E47090 /* TimeRemap.app */,
			);
			name = Products;
			sourceTree = "<group>";
		};
		29B97314FDCFA39411CA2CEA /* TimeRemap */ = {
			isa = PBXGroup;
			children = (
				01B97315FEAEA392516A2CEA /* Blocks */,
				29B97315FDCFA39411CA2CEA /* Headers */,
				080E96DDFE201D6D7F000001 /* Source */,
				29B97317FDCFA39411CA2CEA /* Resources */,
				29B97323FDCFA39411CA2CEA /* Frameworks */,
				19C28FACFE9D520D11CA2CBB /* Products */,
			);
			name = TimeRemap;
			sourceTree = "<group>";
		};
		29B97315FDCFA39411CA2CEA /* Headers */ = {
			isa = PBXGroup;
			children = (
				859FFE0B1A645B4300CC3446 /* SceneRemap.h */,
				1C4B4317EC264EFBBD2008B4 /* Resources.h */,
				E1C07919658342559790D0B9 /* TimeRemap_Prefix.pch */,
				859FFE0E1A6471A800CC3446 /* ViewRemap.h */,
			);
			name = Headers;
			sourceTree = "<group>";
		};
		29B97317FDCFA39411CA2CEA /* Resources */ = {
			isa = PBXGroup;
			children = (
				859FFE081A645B0000CC3446 /* shaders */,
				137A647CBEDE47E18AA2C2F4 /* CinderApp.icns */,
				07AF92BCD77B4B768878422A /* Info.plist */,
			);
			name = Resources;
			sourceTree = "<group>";
		};
		29B97323FDCFA39411CA2CEA /* Frameworks */ = {
			isa = PBXGroup;
			children = (
				1058C7A0FEA54F0111CA2CBB /* Linked Frameworks */,
				1058C7A2FEA54F0111CA2CBB /* Other Frameworks */,
				A6275CA20C294571A5C0061A /* QuickTime.framework */,
			);
			name = Frameworks;
			sourceTree = "<group>";
		};
		859FFDEC1A645AF600CC3446 /* bongiovi */ = {
			isa = PBXGroup;
			children = (
				859FFDED1A645AF600CC3446 /* EffectComposer.cpp */,
				859FFDEE1A645AF600CC3446 /* EffectComposer.h */,
				859FFDEF1A645AF600CC3446 /* MathUtils.cpp */,
				859FFDF01A645AF600CC3446 /* MathUtils.h */,
				859FFDF11A645AF600CC3446 /* MeshUtils.cpp */,
				859FFDF21A645AF600CC3446 /* MeshUtils.h */,
				859FFDF31A645AF600CC3446 /* Scene.cpp */,
				859FFDF41A645AF600CC3446 /* Scene.h */,
				859FFDF51A645AF600CC3446 /* SceneQuat.cpp */,
				859FFDF61A645AF600CC3446 /* SceneQuat.h */,
				859FFDF71A645AF600CC3446 /* Utils.cpp */,
				859FFDF81A645AF600CC3446 /* Utils.h */,
				859FFDF91A645AF600CC3446 /* View.cpp */,
				859FFDFA1A645AF600CC3446 /* View.h */,
				859FFDFB1A645AF600CC3446 /* ViewBlur.cpp */,
				859FFDFC1A645AF600CC3446 /* ViewBlur.h */,
				859FFDFD1A645AF600CC3446 /* ViewCopy.cpp */,
				859FFDFE1A645AF600CC3446 /* ViewCopy.h */,
			);
			name = bongiovi;
			path = ../src/bongiovi;
			sourceTree = "<group>";
		};
/* End PBXGroup section */

/* Begin PBXNativeTarget section */
		8D1107260486CEB800E47090 /* TimeRemap */ = {
			isa = PBXNativeTarget;
			buildConfigurationList = C01FCF4A08A954540054247B /* Build configuration list for PBXNativeTarget "TimeRemap" */;
			buildPhases = (
				8D1107290486CEB800E47090 /* Resources */,
				8D11072C0486CEB800E47090 /* Sources */,
				8D11072E0486CEB800E47090 /* Frameworks */,
			);
			buildRules = (
			);
			dependencies = (
			);
			name = TimeRemap;
			productInstallPath = "$(HOME)/Applications";
			productName = TimeRemap;
			productReference = 8D1107320486CEB800E47090 /* TimeRemap.app */;
			productType = "com.apple.product-type.application";
		};
/* End PBXNativeTarget section */

/* Begin PBXProject section */
		29B97313FDCFA39411CA2CEA /* Project object */ = {
			isa = PBXProject;
			attributes = {
			};
			buildConfigurationList = C01FCF4E08A954540054247B /* Build configuration list for PBXProject "TimeRemap" */;
			compatibilityVersion = "Xcode 3.2";
			developmentRegion = English;
			hasScannedForEncodings = 1;
			knownRegions = (
				English,
				Japanese,
				French,
				German,
			);
			mainGroup = 29B97314FDCFA39411CA2CEA /* TimeRemap */;
			projectDirPath = "";
			projectRoot = "";
			targets = (
				8D1107260486CEB800E47090 /* TimeRemap */,
			);
		};
/* End PBXProject section */

/* Begin PBXResourcesBuildPhase section */
		8D1107290486CEB800E47090 /* Resources */ = {
			isa = PBXResourcesBuildPhase;
			buildActionMask = 2147483647;
			files = (
				24B73A71483A468496AE84C6 /* CinderApp.icns in Resources */,
				859FFE091A645B0000CC3446 /* shaders in Resources */,
			);
			runOnlyForDeploymentPostprocessing = 0;
		};
/* End PBXResourcesBuildPhase section */

/* Begin PBXSourcesBuildPhase section */
		8D11072C0486CEB800E47090 /* Sources */ = {
			isa = PBXSourcesBuildPhase;
			buildActionMask = 2147483647;
			files = (
				859FFE011A645AF600CC3446 /* MeshUtils.cpp in Sources */,
				859FFE061A645AF600CC3446 /* ViewBlur.cpp in Sources */,
				859FFE031A645AF600CC3446 /* SceneQuat.cpp in Sources */,
				859FFE041A645AF600CC3446 /* Utils.cpp in Sources */,
				859FFE001A645AF600CC3446 /* MathUtils.cpp in Sources */,
				859FFE051A645AF600CC3446 /* View.cpp in Sources */,
				859FFE0F1A6471A800CC3446 /* ViewRemap.cpp in Sources */,
				859FFDFF1A645AF600CC3446 /* EffectComposer.cpp in Sources */,
				859FFE071A645AF600CC3446 /* ViewCopy.cpp in Sources */,
				859FFE0C1A645B4300CC3446 /* SceneRemap.cpp in Sources */,
				859FFE021A645AF600CC3446 /* Scene.cpp in Sources */,
				D02F4B929BDB4FD2AD33D0FD /* TimeRemapApp.cpp in Sources */,
			);
			runOnlyForDeploymentPostprocessing = 0;
		};
/* End PBXSourcesBuildPhase section */

/* Begin XCBuildConfiguration section */
		C01FCF4B08A954540054247B /* Debug */ = {
			isa = XCBuildConfiguration;
			buildSettings = {
				COMBINE_HIDPI_IMAGES = YES;
				COPY_PHASE_STRIP = NO;
				DEAD_CODE_STRIPPING = YES;
				GCC_DYNAMIC_NO_PIC = NO;
				GCC_INLINES_ARE_PRIVATE_EXTERN = YES;
				GCC_OPTIMIZATION_LEVEL = 0;
				GCC_PRECOMPILE_PREFIX_HEADER = YES;
				GCC_PREFIX_HEADER = TimeRemap_Prefix.pch;
				GCC_PREPROCESSOR_DEFINITIONS = (
					"DEBUG=1",
					"$(inherited)",
				);
				GCC_SYMBOLS_PRIVATE_EXTERN = NO;
				INFOPLIST_FILE = Info.plist;
				INSTALL_PATH = "$(HOME)/Applications";
				OTHER_LDFLAGS = "\"$(CINDER_PATH)/lib/libcinder_d.a\"";
				PRODUCT_NAME = TimeRemap;
				SYMROOT = ./build;
				WRAPPER_EXTENSION = app;
			};
			name = Debug;
		};
		C01FCF4C08A954540054247B /* Release */ = {
			isa = XCBuildConfiguration;
			buildSettings = {
				COMBINE_HIDPI_IMAGES = YES;
				DEAD_CODE_STRIPPING = YES;
				DEBUG_INFORMATION_FORMAT = "dwarf-with-dsym";
				GCC_FAST_MATH = YES;
				GCC_GENERATE_DEBUGGING_SYMBOLS = NO;
				GCC_INLINES_ARE_PRIVATE_EXTERN = YES;
				GCC_OPTIMIZATION_LEVEL = 3;
				GCC_PRECOMPILE_PREFIX_HEADER = YES;
				GCC_PREFIX_HEADER = TimeRemap_Prefix.pch;
				GCC_PREPROCESSOR_DEFINITIONS = (
					"NDEBUG=1",
					"$(inherited)",
				);
				GCC_SYMBOLS_PRIVATE_EXTERN = NO;
				INFOPLIST_FILE = Info.plist;
				INSTALL_PATH = "$(HOME)/Applications";
				OTHER_LDFLAGS = "\"$(CINDER_PATH)/lib/libcinder.a\"";
				PRODUCT_NAME = TimeRemap;
				STRIP_INSTALLED_PRODUCT = YES;
				SYMROOT = ./build;
				WRAPPER_EXTENSION = app;
			};
			name = Release;
		};
		C01FCF4F08A954540054247B /* Debug */ = {
			isa = XCBuildConfiguration;
			buildSettings = {
				ALWAYS_SEARCH_USER_PATHS = NO;
				ARCHS = i386;
				CINDER_PATH = ../../../../Development/cinder;
				CLANG_CXX_LANGUAGE_STANDARD = "c++0x";
				CLANG_CXX_LIBRARY = "libc++";
				GCC_WARN_ABOUT_RETURN_TYPE = YES;
				GCC_WARN_UNUSED_VARIABLE = YES;
				HEADER_SEARCH_PATHS = "\"$(CINDER_PATH)/boost\"";
				MACOSX_DEPLOYMENT_TARGET = 10.7;
				SDKROOT = macosx;
				USER_HEADER_SEARCH_PATHS = "\"$(CINDER_PATH)/include\" ../include ../../../../Development/cinder/blocks/QuickTime/include";
			};
			name = Debug;
		};
		C01FCF5008A954540054247B /* Release */ = {
			isa = XCBuildConfiguration;
			buildSettings = {
				ALWAYS_SEARCH_USER_PATHS = NO;
				ARCHS = i386;
				CINDER_PATH = ../../../../Development/cinder;
				CLANG_CXX_LANGUAGE_STANDARD = "c++0x";
				CLANG_CXX_LIBRARY = "libc++";
				GCC_WARN_ABOUT_RETURN_TYPE = YES;
				GCC_WARN_UNUSED_VARIABLE = YES;
				HEADER_SEARCH_PATHS = "\"$(CINDER_PATH)/boost\"";
				MACOSX_DEPLOYMENT_TARGET = 10.7;
				SDKROOT = macosx;
				USER_HEADER_SEARCH_PATHS = "\"$(CINDER_PATH)/include\" ../include ../../../../Development/cinder/blocks/QuickTime/include";
			};
			name = Release;
		};
/* End XCBuildConfiguration section */

/* Begin XCConfigurationList section */
		C01FCF4A08A954540054247B /* Build configuration list for PBXNativeTarget "TimeRemap" */ = {
			isa = XCConfigurationList;
			buildConfigurations = (
				C01FCF4B08A954540054247B /* Debug */,
				C01FCF4C08A954540054247B /* Release */,
			);
			defaultConfigurationIsVisible = 0;
			defaultConfigurationName = Release;
		};
		C01FCF4E08A954540054247B /* Build configuration list for PBXProject "TimeRemap" */ = {
			isa = XCConfigurationList;
			buildConfigurations = (
				C01FCF4F08A954540054247B /* Debug */,
				C01FCF5008A954540054247B /* Release */,
			);
			defaultConfigurationIsVisible = 0;
			defaultConfigurationName = Release;
		};
/* End XCConfigurationList section */
	};
	rootObject = 29B97313FDCFA39411CA2CEA /* Project object */;
}
